// !$*UTF8*$!
{
	archiveVersion = 1;
	classes = {
	};
	objectVersion = 55;
	objects = {

/* Begin PBXBuildFile section */
		624B4B532824C31C00018E37 /* AppDelegate.m in Sources */ = {isa = PBXBuildFile; fileRef = 624B4B522824C31C00018E37 /* AppDelegate.m */; };
		624B4B562824C31C00018E37 /* SceneDelegate.m in Sources */ = {isa = PBXBuildFile; fileRef = 624B4B552824C31C00018E37 /* SceneDelegate.m */; };
		624B4B592824C31C00018E37 /* ViewController.m in Sources */ = {isa = PBXBuildFile; fileRef = 624B4B582824C31C00018E37 /* ViewController.m */; };
		624B4B5C2824C31C00018E37 /* Main.storyboard in Resources */ = {isa = PBXBuildFile; fileRef = 624B4B5A2824C31C00018E37 /* Main.storyboard */; };
		624B4B5E2824C31D00018E37 /* Assets.xcassets in Resources */ = {isa = PBXBuildFile; fileRef = 624B4B5D2824C31D00018E37 /* Assets.xcassets */; };
		624B4B612824C31D00018E37 /* LaunchScreen.storyboard in Resources */ = {isa = PBXBuildFile; fileRef = 624B4B5F2824C31D00018E37 /* LaunchScreen.storyboard */; };
		624B4B642824C31D00018E37 /* main.m in Sources */ = {isa = PBXBuildFile; fileRef = 624B4B632824C31D00018E37 /* main.m */; };
		624B4B6C2824C33100018E37 /* NSObject+ISKVOBlock.m in Sources */ = {isa = PBXBuildFile; fileRef = 624B4B6B2824C33100018E37 /* NSObject+ISKVOBlock.m */; };
/* End PBXBuildFile section */

/* Begin PBXFileReference section */
		624B4B4E2824C31C00018E37 /* DemoKVOWithBlock.app */ = {isa = PBXFileReference; explicitFileType = wrapper.application; includeInIndex = 0; path = DemoKVOWithBlock.app; sourceTree = BUILT_PRODUCTS_DIR; };
		624B4B512824C31C00018E37 /* AppDelegate.h */ = {isa = PBXFileReference; lastKnownFileType = sourcecode.c.h; path = AppDelegate.h; sourceTree = "<group>"; };
		624B4B522824C31C00018E37 /* AppDelegate.m */ = {isa = PBXFileReference; lastKnownFileType = sourcecode.c.objc; path = AppDelegate.m; sourceTree = "<group>"; };
		624B4B542824C31C00018E37 /* SceneDelegate.h */ = {isa = PBXFileReference; lastKnownFileType = sourcecode.c.h; path = SceneDelegate.h; sourceTree = "<group>"; };
		624B4B552824C31C00018E37 /* SceneDelegate.m */ = {isa = PBXFileReference; lastKnownFileType = sourcecode.c.objc; path = SceneDelegate.m; sourceTree = "<group>"; };
		624B4B572824C31C00018E37 /* ViewController.h */ = {isa = PBXFileReference; lastKnownFileType = sourcecode.c.h; path = ViewController.h; sourceTree = "<group>"; };
		624B4B582824C31C00018E37 /* ViewController.m */ = {isa = PBXFileReference; lastKnownFileType = sourcecode.c.objc; path = ViewController.m; sourceTree = "<group>"; };
		624B4B5B2824C31C00018E37 /* Base */ = {isa = PBXFileReference; lastKnownFileType = file.storyboard; name = Base; path = Base.lproj/Main.storyboard; sourceTree = "<group>"; };
		624B4B5D2824C31D00018E37 /* Assets.xcassets */ = {isa = PBXFileReference; lastKnownFileType = folder.assetcatalog; path = Assets.xcassets; sourceTree = "<group>"; };
		624B4B602824C31D00018E37 /* Base */ = {isa = PBXFileReference; lastKnownFileType = file.storyboard; name = Base; path = Base.lproj/LaunchScreen.storyboard; sourceTree = "<group>"; };
		624B4B622824C31D00018E37 /* Info.plist */ = {isa = PBXFileReference; lastKnownFileType = text.plist.xml; path = Info.plist; sourceTree = "<group>"; };
		624B4B632824C31D00018E37 /* main.m */ = {isa = PBXFileReference; lastKnownFileType = sourcecode.c.objc; path = main.m; sourceTree = "<group>"; };
		624B4B6A2824C33100018E37 /* NSObject+ISKVOBlock.h */ = {isa = PBXFileReference; fileEncoding = 4; lastKnownFileType = sourcecode.c.h; path = "NSObject+ISKVOBlock.h"; sourceTree = "<group>"; };
		624B4B6B2824C33100018E37 /* NSObject+ISKVOBlock.m */ = {isa = PBXFileReference; fileEncoding = 4; lastKnownFileType = sourcecode.c.objc; path = "NSObject+ISKVOBlock.m"; sourceTree = "<group>"; };
/* End PBXFileReference section */

/* Begin PBXFrameworksBuildPhase section */
		624B4B4B2824C31C00018E37 /* Frameworks */ = {
			isa = PBXFrameworksBuildPhase;
			buildActionMask = 2147483647;
			files = (
			);
			runOnlyForDeploymentPostprocessing = 0;
		};
/* End PBXFrameworksBuildPhase section */

/* Begin PBXGroup section */
		624B4B452824C31C00018E37 = {
			isa = PBXGroup;
			children = (
				624B4B502824C31C00018E37 /* DemoKVOWithBlock */,
				624B4B4F2824C31C00018E37 /* Products */,
			);
			sourceTree = "<group>";
		};
		624B4B4F2824C31C00018E37 /* Products */ = {
			isa = PBXGroup;
			children = (
				624B4B4E2824C31C00018E37 /* DemoKVOWithBlock.app */,
			);
			name = Products;
			sourceTree = "<group>";
		};
		624B4B502824C31C00018E37 /* DemoKVOWithBlock */ = {
			isa = PBXGroup;
			children = (
				624B4B6A2824C33100018E37 /* NSObject+ISKVOBlock.h */,
				624B4B6B2824C33100018E37 /* NSObject+ISKVOBlock.m */,
				624B4B512824C31C00018E37 /* AppDelegate.h */,
				624B4B522824C31C00018E37 /* AppDelegate.m */,
				624B4B542824C31C00018E37 /* SceneDelegate.h */,
				624B4B552824C31C00018E37 /* SceneDelegate.m */,
				624B4B572824C31C00018E37 /* ViewController.h */,
				624B4B582824C31C00018E37 /* ViewController.m */,
				624B4B5A2824C31C00018E37 /* Main.storyboard */,
				624B4B5D2824C31D00018E37 /* Assets.xcassets */,
				624B4B5F2824C31D00018E37 /* LaunchScreen.storyboard */,
				624B4B622824C31D00018E37 /* Info.plist */,
				624B4B632824C31D00018E37 /* main.m */,
			);
			path = DemoKVOWithBlock;
			sourceTree = "<group>";
		};
/* End PBXGroup section */

/* Begin PBXNativeTarget section */
		624B4B4D2824C31C00018E37 /* DemoKVOWithBlock */ = {
			isa = PBXNativeTarget;
			buildConfigurationList = 624B4B672824C31D00018E37 /* Build configuration list for PBXNativeTarget "DemoKVOWithBlock" */;
			buildPhases = (
				624B4B4A2824C31C00018E37 /* Sources */,
				624B4B4B2824C31C00018E37 /* Frameworks */,
				624B4B4C2824C31C00018E37 /* Resources */,
			);
			buildRules = (
			);
			dependencies = (
			);
			name = DemoKVOWithBlock;
			productName = DemoKVOWithBlock;
			productReference = 624B4B4E2824C31C00018E37 /* DemoKVOWithBlock.app */;
			productType = "com.apple.product-type.application";
		};
/* End PBXNativeTarget section */

/* Begin PBXProject section */
		624B4B462824C31C00018E37 /* Project object */ = {
			isa = PBXProject;
			attributes = {
				BuildIndependentTargetsInParallel = 1;
				LastUpgradeCheck = 1320;
				TargetAttributes = {
					624B4B4D2824C31C00018E37 = {
						CreatedOnToolsVersion = 13.2.1;
					};
				};
			};
			buildConfigurationList = 624B4B492824C31C00018E37 /* Build configuration list for PBXProject "DemoKVOWithBlock" */;
			compatibilityVersion = "Xcode 13.0";
			developmentRegion = en;
			hasScannedForEncodings = 0;
			knownRegions = (
				en,
				Base,
			);
			mainGroup = 624B4B452824C31C00018E37;
			productRefGroup = 624B4B4F2824C31C00018E37 /* Products */;
			projectDirPath = "";
			projectRoot = "";
			targets = (
				624B4B4D2824C31C00018E37 /* DemoKVOWithBlock */,
			);
		};
/* End PBXProject section */

/* Begin PBXResourcesBuildPhase section */
		624B4B4C2824C31C00018E37 /* Resources */ = {
			isa = PBXResourcesBuildPhase;
			buildActionMask = 2147483647;
			files = (
				624B4B612824C31D00018E37 /* LaunchScreen.storyboard in Resources */,
				624B4B5E2824C31D00018E37 /* Assets.xcassets in Resources */,
				624B4B5C2824C31C00018E37 /* Main.storyboard in Resources */,
			);
			runOnlyForDeploymentPostprocessing = 0;
		};
/* End PBXResourcesBuildPhase section */

/* Begin PBXSourcesBuildPhase section */
		624B4B4A2824C31C00018E37 /* Sources */ = {
			isa = PBXSourcesBuildPhase;
			buildActionMask = 2147483647;
			files = (
				624B4B592824C31C00018E37 /* ViewController.m in Sources */,
				624B4B532824C31C00018E37 /* AppDelegate.m in Sources */,
				624B4B642824C31D00018E37 /* main.m in Sources */,
				624B4B562824C31C00018E37 /* SceneDelegate.m in Sources */,
				624B4B6C2824C33100018E37 /* NSObject+ISKVOBlock.m in Sources */,
			);
			runOnlyForDeploymentPostprocessing = 0;
		};
/* End PBXSourcesBuildPhase section */

/* Begin PBXVariantGroup section */
		624B4B5A2824C31C00018E37 /* Main.storyboard */ = {
			isa = PBXVariantGroup;
			children = (
				624B4B5B2824C31C00018E37 /* Base */,
			);
			name = Main.storyboard;
			sourceTree = "<group>";
		};
		624B4B5F2824C31D00018E37 /* LaunchScreen.storyboard */ = {
			isa = PBXVariantGroup;
			children = (
				624B4B602824C31D00018E37 /* Base */,
			);
			name = LaunchScreen.storyboard;
			sourceTree = "<group>";
		};
/* End PBXVariantGroup section */

/* Begin XCBuildConfiguration section */
		624B4B652824C31D00018E37 /* Debug */ = {
			isa = XCBuildConfiguration;
			buildSettings = {
				ALWAYS_SEARCH_USER_PATHS = NO;
				CLANG_ANALYZER_NONNULL = YES;
				CLANG_ANALYZER_NUMBER_OBJECT_CONVERSION = YES_AGGRESSIVE;
				CLANG_CXX_LANGUAGE_STANDARD = "gnu++17";
				CLANG_CXX_LIBRARY = "libc++";
				CLANG_ENABLE_MODULES = YES;
				CLANG_ENABLE_OBJC_ARC = YES;
				CLANG_ENABLE_OBJC_WEAK = YES;
				CLANG_WARN_BLOCK_CAPTURE_AUTORELEASING = YES;
				CLANG_WARN_BOOL_CONVERSION = YES;
				CLANG_WARN_COMMA = YES;
				CLANG_WARN_CONSTANT_CONVERSION = YES;
				CLANG_WARN_DEPRECATED_OBJC_IMPLEMENTATIONS = YES;
				CLANG_WARN_DIRECT_OBJC_ISA_USAGE = YES_ERROR;
				CLANG_WARN_DOCUMENTATION_COMMENTS = YES;
				CLANG_WARN_EMPTY_BODY = YES;
				CLANG_WARN_ENUM_CONVERSION = YES;
				CLANG_WARN_INFINITE_RECURSION = YES;
				CLANG_WARN_INT_CONVERSION = YES;
				CLANG_WARN_NON_LITERAL_NULL_CONVERSION = YES;
				CLANG_WARN_OBJC_IMPLICIT_RETAIN_SELF = YES;
				CLANG_WARN_OBJC_LITERAL_CONVERSION = YES;
				CLANG_WARN_OBJC_ROOT_CLASS = YES_ERROR;
				CLANG_WARN_QUOTED_INCLUDE_IN_FRAMEWORK_HEADER = YES;
				CLANG_WARN_RANGE_LOOP_ANALYSIS = YES;
				CLANG_WARN_STRICT_PROTOTYPES = YES;
				CLANG_WARN_SUSPICIOUS_MOVE = YES;
				CLANG_WARN_UNGUARDED_AVAILABILITY = YES_AGGRESSIVE;
				CLANG_WARN_UNREACHABLE_CODE = YES;
				CLANG_WARN__DUPLICATE_METHOD_MATCH = YES;
				COPY_PHASE_STRIP = NO;
				DEBUG_INFORMATION_FORMAT = dwarf;
				ENABLE_STRICT_OBJC_MSGSEND = YES;
				ENABLE_TESTABILITY = YES;
				GCC_C_LANGUAGE_STANDARD = gnu11;
				GCC_DYNAMIC_NO_PIC = NO;
				GCC_NO_COMMON_BLOCKS = YES;
				GCC_OPTIMIZATION_LEVEL = 0;
				GCC_PREPROCESSOR_DEFINITIONS = (
					"DEBUG=1",
					"$(inherited)",
				);
				GCC_WARN_64_TO_32_BIT_CONVERSION = YES;
				GCC_WARN_ABOUT_RETURN_TYPE = YES_ERROR;
				GCC_WARN_UNDECLARED_SELECTOR = YES;
				GCC_WARN_UNINITIALIZED_AUTOS = YES_AGGRESSIVE;
				GCC_WARN_UNUSED_FUNCTION = YES;
				GCC_WARN_UNUSED_VARIABLE = YES;
				IPHONEOS_DEPLOYMENT_TARGET = 15.2;
				MTL_ENABLE_DEBUG_INFO = INCLUDE_SOURCE;
				MTL_FAST_MATH = YES;
				ONLY_ACTIVE_ARCH = YES;
				SDKROOT = iphoneos;
			};
			name = Debug;
		};
		624B4B662824C31D00018E37 /* Release */ = {
			isa = XCBuildConfiguration;
			buildSettings = {
				ALWAYS_SEARCH_USER_PATHS = NO;
				CLANG_ANALYZER_NONNULL = YES;
				CLANG_ANALYZER_NUMBER_OBJECT_CONVERSION = YES_AGGRESSIVE;
				CLANG_CXX_LANGUAGE_STANDARD = "gnu++17";
				CLANG_CXX_LIBRARY = "libc++";
				CLANG_ENABLE_MODULES = YES;
				CLANG_ENABLE_OBJC_ARC = YES;
				CLANG_ENABLE_OBJC_WEAK = YES;
				CLANG_WARN_BLOCK_CAPTURE_AUTORELEASING = YES;
				CLANG_WARN_BOOL_CONVERSION = YES;
				CLANG_WARN_COMMA = YES;
				CLANG_WARN_CONSTANT_CONVERSION = YES;
				CLANG_WARN_DEPRECATED_OBJC_IMPLEMENTATIONS = YES;
				CLANG_WARN_DIRECT_OBJC_ISA_USAGE = YES_ERROR;
				CLANG_WARN_DOCUMENTATION_COMMENTS = YES;
				CLANG_WARN_EMPTY_BODY = YES;
				CLANG_WARN_ENUM_CONVERSION = YES;
				CLANG_WARN_INFINITE_RECURSION = YES;
				CLANG_WARN_INT_CONVERSION = YES;
				CLANG_WARN_NON_LITERAL_NULL_CONVERSION = YES;
				CLANG_WARN_OBJC_IMPLICIT_RETAIN_SELF = YES;
				CLANG_WARN_OBJC_LITERAL_CONVERSION = YES;
				CLANG_WARN_OBJC_ROOT_CLASS = YES_ERROR;
				CLANG_WARN_QUOTED_INCLUDE_IN_FRAMEWORK_HEADER = YES;
				CLANG_WARN_RANGE_LOOP_ANALYSIS = YES;
				CLANG_WARN_STRICT_PROTOTYPES = YES;
				CLANG_WARN_SUSPICIOUS_MOVE = YES;
				CLANG_WARN_UNGUARDED_AVAILABILITY = YES_AGGRESSIVE;
				CLANG_WARN_UNREACHABLE_CODE = YES;
				CLANG_WARN__DUPLICATE_METHOD_MATCH = YES;
				COPY_PHASE_STRIP = NO;
				DEBUG_INFORMATION_FORMAT = "dwarf-with-dsym";
				ENABLE_NS_ASSERTIONS = NO;
				ENABLE_STRICT_OBJC_MSGSEND = YES;
				GCC_C_LANGUAGE_STANDARD = gnu11;
				GCC_NO_COMMON_BLOCKS = YES;
				GCC_WARN_64_TO_32_BIT_CONVERSION = YES;
				GCC_WARN_ABOUT_RETURN_TYPE = YES_ERROR;
				GCC_WARN_UNDECLARED_SELECTOR = YES;
				GCC_WARN_UNINITIALIZED_AUTOS = YES_AGGRESSIVE;
				GCC_WARN_UNUSED_FUNCTION = YES;
				GCC_WARN_UNUSED_VARIABLE = YES;
				IPHONEOS_DEPLOYMENT_TARGET = 15.2;
				MTL_ENABLE_DEBUG_INFO = NO;
				MTL_FAST_MATH = YES;
				SDKROOT = iphoneos;
				VALIDATE_PRODUCT = YES;
			};
			name = Release;
		};
		624B4B682824C31D00018E37 /* Debug */ = {
			isa = XCBuildConfiguration;
			buildSettings = {
				ASSETCATALOG_COMPILER_APPICON_NAME = AppIcon;
				ASSETCATALOG_COMPILER_GLOBAL_ACCENT_COLOR_NAME = AccentColor;
				CODE_SIGN_STYLE = Automatic;
				CURRENT_PROJECT_VERSION = 1;
				GENERATE_INFOPLIST_FILE = YES;
				INFOPLIST_FILE = DemoKVOWithBlock/Info.plist;
				INFOPLIST_KEY_UIApplicationSupportsIndirectInputEvents = YES;
				INFOPLIST_KEY_UILaunchStoryboardName = LaunchScreen;
				INFOPLIST_KEY_UIMainStoryboardFile = Main;
				INFOPLIST_KEY_UISupportedInterfaceOrientations_iPad = "UIInterfaceOrientationPortrait UIInterfaceOrientationPortraitUpsideDown UIInterfaceOrientationLandscapeLeft UIInterfaceOrientationLandscapeRight";
				INFOPLIST_KEY_UISupportedInterfaceOrientations_iPhone = "UIInterfaceOrientationPortrait UIInterfaceOrientationLandscapeLeft UIInterfaceOrientationLandscapeRight";
				LD_RUNPATH_SEARCH_PATHS = (
					"$(inherited)",
					"@executable_path/Frameworks",
				);
				MARKETING_VERSION = 1.0;
				PRODUCT_BUNDLE_IDENTIFIER = istig.personal.DemoKVOWithBlock;
				PRODUCT_NAME = "$(TARGET_NAME)";
				SWIFT_EMIT_LOC_STRINGS = YES;
				TARGETED_DEVICE_FAMILY = "1,2";
			};
			name = Debug;
		};
		624B4B692824C31D00018E37 /* Release */ = {
			isa = XCBuildConfiguration;
			buildSettings = {
				ASSETCATALOG_COMPILER_APPICON_NAME = AppIcon;
				ASSETCATALOG_COMPILER_GLOBAL_ACCENT_COLOR_NAME = AccentColor;
				CODE_SIGN_STYLE = Automatic;
				CURRENT_PROJECT_VERSION = 1;
				GENERATE_INFOPLIST_FILE = YES;
				INFOPLIST_FILE = DemoKVOWithBlock/Info.plist;
				INFOPLIST_KEY_UIApplicationSupportsIndirectInputEvents = YES;
				INFOPLIST_KEY_UILaunchStoryboardName = LaunchScreen;
				INFOPLIST_KEY_UIMainStoryboardFile = Main;
				INFOPLIST_KEY_UISupportedInterfaceOrientations_iPad = "UIInterfaceOrientationPortrait UIInterfaceOrientationPortraitUpsideDown UIInterfaceOrientationLandscapeLeft UIInterfaceOrientationLandscapeRight";
				INFOPLIST_KEY_UISupportedInterfaceOrientations_iPhone = "UIInterfaceOrientationPortrait UIInterfaceOrientationLandscapeLeft UIInterfaceOrientationLandscapeRight";
				LD_RUNPATH_SEARCH_PATHS = (
					"$(inherited)",
					"@executable_path/Frameworks",
				);
				MARKETING_VERSION = 1.0;
				PRODUCT_BUNDLE_IDENTIFIER = istig.personal.DemoKVOWithBlock;
				PRODUCT_NAME = "$(TARGET_NAME)";
				SWIFT_EMIT_LOC_STRINGS = YES;
				TARGETED_DEVICE_FAMILY = "1,2";
			};
			name = Release;
		};
/* End XCBuildConfiguration section */

/* Begin XCConfigurationList section */
		624B4B492824C31C00018E37 /* Build configuration list for PBXProject "DemoKVOWithBlock" */ = {
			isa = XCConfigurationList;
			buildConfigurations = (
				624B4B652824C31D00018E37 /* Debug */,
				624B4B662824C31D00018E37 /* Release */,
			);
			defaultConfigurationIsVisible = 0;
			defaultConfigurationName = Release;
		};
		624B4B672824C31D00018E37 /* Build configuration list for PBXNativeTarget "DemoKVOWithBlock" */ = {
			isa = XCConfigurationList;
			buildConfigurations = (
				624B4B682824C31D00018E37 /* Debug */,
				624B4B692824C31D00018E37 /* Release */,
			);
			defaultConfigurationIsVisible = 0;
			defaultConfigurationName = Release;
		};
/* End XCConfigurationList section */
	};
	rootObject = 624B4B462824C31C00018E37 /* Project object */;
}
